
Microsoft Visual Studio Solution File, Format Version 12.00
# Visual Studio Version 16
VisualStudioVersion = 16.0.30611.23
MinimumVisualStudioVersion = 10.0.40219.1
Project("{FAE04EC0-301F-11D3-BF4B-00C04F79EFBC}") = "WebApplication1", "WebApplication1\WebApplication1.csproj", "{253575A3-1594-40FB-8660-FF62CE7550FA}"
EndProject
Global
	GlobalSection(SolutionConfigurationPlatforms) = preSolution
		Debug|Any CPU = Debug|Any CPU
		Release|Any CPU = Release|Any CPU
	EndGlobalSection
	GlobalSection(ProjectConfigurationPlatforms) = postSolution
		{253575A3-1594-40FB-8660-FF62CE7550FA}.Debug|Any CPU.ActiveCfg = Debug|Any CPU
		{253575A3-1594-40FB-8660-FF62CE7550FA}.Debug|Any CPU.Build.0 = Debug|Any CPU
		{253575A3-1594-40FB-8660-FF62CE7550FA}.Release|Any CPU.ActiveCfg = Release|Any CPU
		{253575A3-1594-40FB-8660-FF62CE7550FA}.Release|Any CPU.Build.0 = Release|Any CPU
	EndGlobalSection
	GlobalSection(SolutionProperties) = preSolution
		HideSolutionNode = FALSE
	EndGlobalSection
	GlobalSection(ExtensibilityGlobals) = postSolution
		SolutionGuid = {DA376F60-DBB9-47F7-AC90-C26F893F7986}
	EndGlobalSection
EndGlobal
